# THIS IS AN AUTOGENERATED FILE. DO NOT EDIT THIS FILE DIRECTLY.
# yarn lockfile v1


argparse@~0.1.15:
  version "0.1.16"
  resolved "https://registry.yarnpkg.com/argparse/-/argparse-0.1.16.tgz#cfd01e0fbba3d6caed049fbd758d40f65196f57c"
  integrity sha1-z9AeD7uj1srtBJ+9dY1A9lGW9Xw=
  dependencies:
    underscore "~1.7.0"
    underscore.string "~2.4.0"

arrayiffy-if-string@^3.10.21:
  version "3.10.21"
  resolved "https://registry.yarnpkg.com/arrayiffy-if-string/-/arrayiffy-if-string-3.10.21.tgz#79b1a53f4314ff6b30c22d0c298978f67c03bca6"
  integrity sha512-bV95qKZLm+lVHcLe1nquzhREaxg2iMXBgoZ4pmKtpClM4Zqgx0H+4GvwDGzbh/2gUBlKe22TNwwXf+BZajqfcQ==

ast-monkey-traverse@^1.11.17:
  version "1.11.17"
  resolved "https://registry.yarnpkg.com/ast-monkey-traverse/-/ast-monkey-traverse-1.11.17.tgz#1c0907b82373af028eda6d47213bc458cc3e232d"
  integrity sha512-dp3UG6hDRsUbNJqvo9rIj5TUKUw8mCzzbWwv8erISIkDmc2CrKNi8YmK60dlUj0S8LlP8uEWyNeCW32SNtI5gg==
  dependencies:
    lodash.clonedeep "^4.5.0"
    lodash.isplainobject "^4.0.6"

autolinker@~0.15.0:
  version "0.15.3"
  resolved "https://registry.yarnpkg.com/autolinker/-/autolinker-0.15.3.tgz#342417d8f2f3461b14cf09088d5edf8791dc9832"
  integrity sha1-NCQX2PLzRhsUzwkIjV7fh5HcmDI=

bluebird@^3.5.1:
  version "3.5.4"
  resolved "https://registry.yarnpkg.com/bluebird/-/bluebird-3.5.4.tgz#d6cc661595de30d5b3af5fcedd3c0b3ef6ec5714"
  integrity sha512-FG+nFEZChJrbQ9tIccIfZJBz3J7mLrAhxakAbnrJWn8d7aKOC+LWifa0G+p4ZqKp4y13T7juYvdhq9NzKdsrjw==

check-types-mini@^5.7.17:
  version "5.7.17"
  resolved "https://registry.yarnpkg.com/check-types-mini/-/check-types-mini-5.7.17.tgz#1c1a3a546bb9c550f1df7fe8226c418447020d87"
  integrity sha512-8fgMXckt+yUccMV0ykHQuSjTiG7mQ+1TwQWlx93nxkhciYK75TFw8CSHkoeqz+hq2/9aSIV0Wzo3ZSyccIw76A==
  dependencies:
    arrayiffy-if-string "^3.10.21"
    ast-monkey-traverse "^1.11.17"
    lodash.intersection "^4.4.0"
    lodash.pullall "^4.2.0"
    matcher "^1.1.1"
    object-path "^0.11.4"
    ordinal "^1.0.2"
    type-detect "^4.0.8"

cross-fetch@^1.1.1:
  version "1.1.1"
  resolved "https://registry.yarnpkg.com/cross-fetch/-/cross-fetch-1.1.1.tgz#dede6865ae30f37eae62ac90ebb7bdac002b05a0"
  integrity sha512-+VJE04+UfxxmBfcnmAu/lKor53RUCx/1ilOti4p+JgrnLQ4AZZIRoe2OEd76VaHyWQmQxqKnV+TaqjHC4r0HWw==
  dependencies:
    node-fetch "1.7.3"
    whatwg-fetch "2.0.3"

encoding@^0.1.11:
  version "0.1.12"
  resolved "https://registry.yarnpkg.com/encoding/-/encoding-0.1.12.tgz#538b66f3ee62cd1ab51ec323829d1f9480c74beb"
  integrity sha1-U4tm8+5izRq1HsMjgp0flIDHS+s=
  dependencies:
    iconv-lite "~0.4.13"

ent@^2.2.0:
  version "2.2.0"
  resolved "https://registry.yarnpkg.com/ent/-/ent-2.2.0.tgz#e964219325a21d05f44466a2f686ed6ce5f5dd1d"
  integrity sha1-6WQhkyWiHQX0RGai9obtbOX13R0=

escape-string-regexp@^1.0.4:
  version "1.0.5"
  resolved "https://registry.yarnpkg.com/escape-string-regexp/-/escape-string-regexp-1.0.5.tgz#1b61c0562190a8dff6ae3bb2cf0200ca130b86d4"
  integrity sha1-G2HAViGQqN/2rjuyzwIAyhMLhtQ=

iconv-lite@~0.4.13:
  version "0.4.24"
  resolved "https://registry.yarnpkg.com/iconv-lite/-/iconv-lite-0.4.24.tgz#2022b4b25fbddc21d2f524974a474aafe733908b"
  integrity sha512-v3MXnZAcvnywkTUEZomIActle7RXXeedOR31wwl7VlyoXO4Qi9arvSenNQWne1TcRwhCL1HwLI21bEqdpj8/rA==
  dependencies:
    safer-buffer ">= 2.1.2 < 3"

is-natural-number-string@^1.0.1:
  version "1.0.1"
  resolved "https://registry.yarnpkg.com/is-natural-number-string/-/is-natural-number-string-1.0.1.tgz#d0ebf1c011fae2d3b0734d8c80116e2512a4a2e8"
  integrity sha1-0OvxwBH64tOwc02MgBFuJRKkoug=

is-natural-number@^4.0.1:
  version "4.0.1"
  resolved "https://registry.yarnpkg.com/is-natural-number/-/is-natural-number-4.0.1.tgz#ab9d76e1db4ced51e35de0c72ebecf09f734cde8"
  integrity sha1-q5124dtM7VHjXeDHLr7PCfc0zeg=

is-stream@^1.0.1:
  version "1.1.0"
  resolved "https://registry.yarnpkg.com/is-stream/-/is-stream-1.1.0.tgz#12d4a3dd4e68e0b79ceb8dbc84173ae80d91ca44"
  integrity sha1-EtSj3U5o4Lec6428hBc66A2RykQ=

lightrpc@^0.0.2:
  version "0.0.2"
  resolved "https://registry.yarnpkg.com/lightrpc/-/lightrpc-0.0.2.tgz#7cf0c8f3983696b9e98d611301ab467d12970598"
  integrity sha512-FeF0U1I8Y6xxQkhqyqoFWqFc7y3TQyT7/YWO9bwcl35Mqy1dKEUl+WV/cv60pahUEV/FFG2c/ZzIfa3I4YnoJw==
  dependencies:
    cross-fetch "^1.1.1"

lodash.clonedeep@^4.5.0:
  version "4.5.0"
  resolved "https://registry.yarnpkg.com/lodash.clonedeep/-/lodash.clonedeep-4.5.0.tgz#e23f3f9c4f8fbdde872529c1071857a086e5ccef"
  integrity sha1-4j8/nE+Pvd6HJSnBBxhXoIblzO8=

lodash.intersection@^4.4.0:
  version "4.4.0"
  resolved "https://registry.yarnpkg.com/lodash.intersection/-/lodash.intersection-4.4.0.tgz#0a11ba631d0e95c23c7f2f4cbb9a692ed178e705"
  integrity sha1-ChG6Yx0OlcI8fy9Mu5ppLtF45wU=

lodash.isplainobject@^4.0.6:
  version "4.0.6"
  resolved "https://registry.yarnpkg.com/lodash.isplainobject/-/lodash.isplainobject-4.0.6.tgz#7c526a52d89b45c45cc690b88163be0497f550cb"
  integrity sha1-fFJqUtibRcRcxpC4gWO+BJf1UMs=

lodash.pullall@^4.2.0:
  version "4.2.0"
  resolved "https://registry.yarnpkg.com/lodash.pullall/-/lodash.pullall-4.2.0.tgz#9d98b8518b7c965b0fae4099bd9fb7df8bbf38ba"
  integrity sha1-nZi4UYt8llsPrkCZvZ+334u/OLo=

lodash.trim@^4.5.1:
  version "4.5.1"
  resolved "https://registry.yarnpkg.com/lodash.trim/-/lodash.trim-4.5.1.tgz#36425e7ee90be4aa5e27bcebb85b7d11ea47aa57"
  integrity sha1-NkJefukL5KpeJ7zruFt9EepHqlc=

lodash.without@^4.4.0:
  version "4.4.0"
  resolved "https://registry.yarnpkg.com/lodash.without/-/lodash.without-4.4.0.tgz#3cd4574a00b67bae373a94b748772640507b7aac"
  integrity sha1-PNRXSgC2e643OpS3SHcmQFB7eqw=

matcher@^1.1.1:
  version "1.1.1"
  resolved "https://registry.yarnpkg.com/matcher/-/matcher-1.1.1.tgz#51d8301e138f840982b338b116bb0c09af62c1c2"
  integrity sha512-+BmqxWIubKTRKNWx/ahnCkk3mG8m7OturVlqq6HiojGJTd5hVYbgZm6WzcYPCoB+KBT4Vd6R7WSRG2OADNaCjg==
  dependencies:
    escape-string-regexp "^1.0.4"

node-fetch@1.7.3:
  version "1.7.3"
  resolved "https://registry.yarnpkg.com/node-fetch/-/node-fetch-1.7.3.tgz#980f6f72d85211a5347c6b2bc18c5b84c3eb47ef"
  integrity sha512-NhZ4CsKx7cYm2vSrBAr2PvFOe6sWDf0UYLRqA6svUYg7+/TSfVAu49jYC4BvQ4Sms9SZgdqGBgroqfDhJdTyKQ==
  dependencies:
    encoding "^0.1.11"
    is-stream "^1.0.1"

object-path@^0.11.4:
  version "0.11.4"
  resolved "https://registry.yarnpkg.com/object-path/-/object-path-0.11.4.tgz#370ae752fbf37de3ea70a861c23bba8915691949"
  integrity sha1-NwrnUvvzfePqcKhhwju6iRVpGUk=

ordinal-number-suffix@^0.1.2:
  version "0.1.2"
  resolved "https://registry.yarnpkg.com/ordinal-number-suffix/-/ordinal-number-suffix-0.1.2.tgz#073de78194397481f4ceea29720ab55268ea40c6"
  integrity sha512-Pe8iFV6R5GYxATa6FqPWr904CuD6El2o1pAja5fnEKJgofKgx5iFjImhWzND2naTtBGMyJTcIh3+FpuyFKGqiw==

ordinal@^1.0.2:
  version "1.0.2"
  resolved "https://registry.yarnpkg.com/ordinal/-/ordinal-1.0.2.tgz#a1f4bc4ba56bf91bf9e31335b9e9ca456ed9ca78"
  integrity sha1-ofS8S6Vr+Rv54xM1uenKRW7Zyng=

ranges-apply@^3.0.12:
  version "3.0.12"
  resolved "https://registry.yarnpkg.com/ranges-apply/-/ranges-apply-3.0.12.tgz#8089e8f93d3a4a80b089d76cf75b17b9320665cd"
  integrity sha512-b0POifBdblmrztLwft+QsZET1RXkVW/IzvIq0KEWKHLQkjugfLeCO8ukCFITt3OspswELGNN/Six+LDQ9aP4Nw==
  dependencies:
    is-natural-number "^4.0.1"
    is-natural-number-string "^1.0.1"
    ordinal-number-suffix "^0.1.2"
    ranges-merge "^4.1.8"

ranges-merge@^4.1.8:
  version "4.1.8"
  resolved "https://registry.yarnpkg.com/ranges-merge/-/ranges-merge-4.1.8.tgz#0e17ac1f488a8021ca63f26b63946c6979e14390"
  integrity sha512-lC9/k+afzLWh4Pd/DN02bI8pg/NHaMftArNFQY3HvIS+0llZZTAkXjJYeyT1kLJez4CZIKsegBWLaqlVKOP+yA==
  dependencies:
    lodash.clonedeep "^4.5.0"
    lodash.isplainobject "^4.0.6"
    ranges-sort "^3.10.21"

ranges-push@^3.0.12:
  version "3.0.12"
  resolved "https://registry.yarnpkg.com/ranges-push/-/ranges-push-3.0.12.tgz#b1e60617ba5502de320c3ca784a3400f4776c007"
  integrity sha512-UySTZOj9CAM+WKBl+4TJxThYWPpxErkpNu7D0q/fOhi0MGG779jk1HmtjS2PeEnLMmU9q7mZHITx0O8T7ynLtQ==
  dependencies:
    check-types-mini "^5.7.17"
    is-natural-number "^4.0.1"
    is-natural-number-string "^1.0.1"
    ordinal-number-suffix "^0.1.2"
    ranges-merge "^4.1.8"
    string-collapse-leading-whitespace "^1.12.21"

ranges-sort@^3.10.21:
  version "3.10.21"
  resolved "https://registry.yarnpkg.com/ranges-sort/-/ranges-sort-3.10.21.tgz#1a18b96cf9706d0006887133ce6f87527711dddc"
  integrity sha512-ZlnLqllo/YBTW1TnqxSOlNihonSOUBTT87ZDdLIzfjnROPnWE+5Ut1i08/ozujFaDh0uP0fMuOUx+XUEnnZx8w==
  dependencies:
    check-types-mini "^5.7.17"
    is-natural-number "^4.0.1"
    ordinal-number-suffix "^0.1.2"

remarkable@^1.7.1:
  version "1.7.1"
  resolved "https://registry.yarnpkg.com/remarkable/-/remarkable-1.7.1.tgz#aaca4972100b66a642a63a1021ca4bac1be3bff6"
  integrity sha1-qspJchALZqZCpjoQIcpLrBvjv/Y=
  dependencies:
    argparse "~0.1.15"
    autolinker "~0.15.0"

remove-markdown@^0.3.0:
  version "0.3.0"
  resolved "https://registry.yarnpkg.com/remove-markdown/-/remove-markdown-0.3.0.tgz#5e4b667493a93579728f3d52ecc1db9ca505dc98"
  integrity sha1-XktmdJOpNXlyjz1S7MHbnKUF3Jg=

"safer-buffer@>= 2.1.2 < 3":
  version "2.1.2"
  resolved "https://registry.yarnpkg.com/safer-buffer/-/safer-buffer-2.1.2.tgz#44fa161b0187b9549dd84bb91802f9bd8385cd6a"
  integrity sha512-YZo3K82SD7Riyi0E1EQPojLz7kpepnSQI9IyPbHHg1XXXevb5dJI7tpyN2ADxGcQbHG7vcyRHk0cbwqcQriUtg==

string-collapse-leading-whitespace@^1.12.21:
  version "1.12.21"
  resolved "https://registry.yarnpkg.com/string-collapse-leading-whitespace/-/string-collapse-leading-whitespace-1.12.21.tgz#2f56b44e2e5df47115fcf8a846b2534f22c3a215"
  integrity sha512-I1yKSQfzbXm/RG6qapnwrAqS8sIBLqndPHSfg1NK3MkJnF6MIPU8cf65X0W7+DgUJOYaYGl77du3j4V1miUI8A==

string-strip-html@^4.0.12:
  version "4.0.12"
  resolved "https://registry.yarnpkg.com/string-strip-html/-/string-strip-html-4.0.12.tgz#05089a010b71368b7a5f3e0703f5087886d40918"
  integrity sha512-GZ8zUm93kCHzjajXeQWonuXtCjIQ9uFj4TvRvoGdOxqvJP3mrzwsjkuV5qHLmQREysKcAg3E2C+2CE2QIjMpFg==
  dependencies:
    check-types-mini "^5.7.17"
    ent "^2.2.0"
    lodash.isplainobject "^4.0.6"
    lodash.trim "^4.5.1"
    lodash.without "^4.4.0"
    ranges-apply "^3.0.12"
    ranges-push "^3.0.12"

type-detect@^4.0.8:
  version "4.0.8"
  resolved "https://registry.yarnpkg.com/type-detect/-/type-detect-4.0.8.tgz#7646fb5f18871cfbb7749e69bd39a6388eb7450c"
  integrity sha512-0fr/mIH1dlO+x7TlcMy+bIDqKPsw/70tVyeHW787goQjhmqaZe10uwLujubK9q9Lg6Fiho1KUKDYz0Z7k7g5/g==

underscore.string@~2.4.0:
  version "2.4.0"
  resolved "https://registry.yarnpkg.com/underscore.string/-/underscore.string-2.4.0.tgz#8cdd8fbac4e2d2ea1e7e2e8097c42f442280f85b"
  integrity sha1-jN2PusTi0uoefi6Al8QvRCKA+Fs=

underscore@~1.7.0:
  version "1.7.0"
  resolved "https://registry.yarnpkg.com/underscore/-/underscore-1.7.0.tgz#6bbaf0877500d36be34ecaa584e0db9fef035209"
  integrity sha1-a7rwh3UA02vjTsqlhODbn+8DUgk=

whatwg-fetch@2.0.3:
  version "2.0.3"
  resolved "https://registry.yarnpkg.com/whatwg-fetch/-/whatwg-fetch-2.0.3.tgz#9c84ec2dcf68187ff00bc64e1274b442176e1c84"
  integrity sha1-nITsLc9oGH/wC8ZOEnS0QhduHIQ=
